
Microsoft Visual Studio Solution File, Format Version 12.00
# Visual Studio Version 16
VisualStudioVersion = 16.0.31515.178
MinimumVisualStudioVersion = 10.0.40219.1
Project("{FAE04EC0-301F-11D3-BF4B-00C04F79EFBC}") = "API", "API\API.csproj", "{E41E13C0-F06B-4955-8484-D50F332A1A99}"
EndProject
Project("{FAE04EC0-301F-11D3-BF4B-00C04F79EFBC}") = "WEB", "WEB\WEB.csproj", "{B16701D4-5420-4E25-B749-FA4358FEE298}"
EndProject
Project("{FAE04EC0-301F-11D3-BF4B-00C04F79EFBC}") = "DLL", "DLL\DLL.csproj", "{89124AE4-F045-4A7B-AB28-C7F11D6382FD}"
EndProject
Global
	GlobalSection(SolutionConfigurationPlatforms) = preSolution
		Debug|Any CPU = Debug|Any CPU
		Release|Any CPU = Release|Any CPU
	EndGlobalSection
	GlobalSection(ProjectConfigurationPlatforms) = postSolution
		{E41E13C0-F06B-4955-8484-D50F332A1A99}.Debug|Any CPU.ActiveCfg = Debug|Any CPU
		{E41E13C0-F06B-4955-8484-D50F332A1A99}.Debug|Any CPU.Build.0 = Debug|Any CPU
		{E41E13C0-F06B-4955-8484-D50F332A1A99}.Release|Any CPU.ActiveCfg = Release|Any CPU
		{E41E13C0-F06B-4955-8484-D50F332A1A99}.Release|Any CPU.Build.0 = Release|Any CPU
		{B16701D4-5420-4E25-B749-FA4358FEE298}.Debug|Any CPU.ActiveCfg = Debug|Any CPU
		{B16701D4-5420-4E25-B749-FA4358FEE298}.Debug|Any CPU.Build.0 = Debug|Any CPU
		{B16701D4-5420-4E25-B749-FA4358FEE298}.Release|Any CPU.ActiveCfg = Release|Any CPU
		{B16701D4-5420-4E25-B749-FA4358FEE298}.Release|Any CPU.Build.0 = Release|Any CPU
		{89124AE4-F045-4A7B-AB28-C7F11D6382FD}.Debug|Any CPU.ActiveCfg = Debug|Any CPU
		{89124AE4-F045-4A7B-AB28-C7F11D6382FD}.Debug|Any CPU.Build.0 = Debug|Any CPU
		{89124AE4-F045-4A7B-AB28-C7F11D6382FD}.Release|Any CPU.ActiveCfg = Release|Any CPU
		{89124AE4-F045-4A7B-AB28-C7F11D6382FD}.Release|Any CPU.Build.0 = Release|Any CPU
	EndGlobalSection
	GlobalSection(SolutionProperties) = preSolution
		HideSolutionNode = FALSE
	EndGlobalSection
	GlobalSection(ExtensibilityGlobals) = postSolution
		SolutionGuid = {695EBE5A-3BED-4618-A57C-03B01CB9D5AB}
	EndGlobalSection
EndGlobal
